
Microsoft Visual Studio Solution File, Format Version 12.00
# Visual Studio Version 16
VisualStudioVersion = 16.0.31515.178
MinimumVisualStudioVersion = 10.0.40219.1
Project("{FAE04EC0-301F-11D3-BF4B-00C04F79EFBC}") = "P01Problem", "P01Problem\P01Problem.csproj", "{18A576EC-4937-434E-A671-A06C496604A6}"
EndProject
Project("{FAE04EC0-301F-11D3-BF4B-00C04F79EFBC}") = "P02Problem", "P02Problem\P02Problem.csproj", "{4005524E-9C42-4DB4-ABB0-82AC3D5AB60C}"
EndProject
Project("{FAE04EC0-301F-11D3-BF4B-00C04F79EFBC}") = "P03Problem", "P03Problem\P03Problem.csproj", "{A2B9E84D-3819-4CEB-9311-1C464D0C16D8}"
EndProject
Global
	GlobalSection(SolutionConfigurationPlatforms) = preSolution
		Debug|Any CPU = Debug|Any CPU
		Release|Any CPU = Release|Any CPU
	EndGlobalSection
	GlobalSection(ProjectConfigurationPlatforms) = postSolution
		{18A576EC-4937-434E-A671-A06C496604A6}.Debug|Any CPU.ActiveCfg = Debug|Any CPU
		{18A576EC-4937-434E-A671-A06C496604A6}.Debug|Any CPU.Build.0 = Debug|Any CPU
		{18A576EC-4937-434E-A671-A06C496604A6}.Release|Any CPU.ActiveCfg = Release|Any CPU
		{18A576EC-4937-434E-A671-A06C496604A6}.Release|Any CPU.Build.0 = Release|Any CPU
		{4005524E-9C42-4DB4-ABB0-82AC3D5AB60C}.Debug|Any CPU.ActiveCfg = Debug|Any CPU
		{4005524E-9C42-4DB4-ABB0-82AC3D5AB60C}.Debug|Any CPU.Build.0 = Debug|Any CPU
		{4005524E-9C42-4DB4-ABB0-82AC3D5AB60C}.Release|Any CPU.ActiveCfg = Release|Any CPU
		{4005524E-9C42-4DB4-ABB0-82AC3D5AB60C}.Release|Any CPU.Build.0 = Release|Any CPU
		{A2B9E84D-3819-4CEB-9311-1C464D0C16D8}.Debug|Any CPU.ActiveCfg = Debug|Any CPU
		{A2B9E84D-3819-4CEB-9311-1C464D0C16D8}.Debug|Any CPU.Build.0 = Debug|Any CPU
		{A2B9E84D-3819-4CEB-9311-1C464D0C16D8}.Release|Any CPU.ActiveCfg = Release|Any CPU
		{A2B9E84D-3819-4CEB-9311-1C464D0C16D8}.Release|Any CPU.Build.0 = Release|Any CPU
	EndGlobalSection
	GlobalSection(SolutionProperties) = preSolution
		HideSolutionNode = FALSE
	EndGlobalSection
	GlobalSection(ExtensibilityGlobals) = postSolution
		SolutionGuid = {963D3AD7-1498-4382-9EEF-3836026C1F4F}
	EndGlobalSection
EndGlobal
