
Microsoft Visual Studio Solution File, Format Version 12.00
# Visual Studio Version 16
VisualStudioVersion = 16.0.29201.188
MinimumVisualStudioVersion = 10.0.40219.1
Project("{FAE04EC0-301F-11D3-BF4B-00C04F79EFBC}") = "01.TrojanInvasion", "01.TrojanInvasion.csproj", "{EA8030BB-800C-436E-9B5F-D0BD4FC160DC}"
EndProject
Project("{FAE04EC0-301F-11D3-BF4B-00C04F79EFBC}") = "02.HelensAbduction", "..\02.HelensAbduction\02.HelensAbduction.csproj", "{A0DED0F6-61C7-413D-9A8F-A932DFC01E3E}"
EndProject
Project("{9A19103F-16F7-4668-BE54-9A1E7A4F7556}") = "FightingArena", "..\FightingArena\FightingArena\FightingArena.csproj", "{C25F540E-1593-4771-8A4F-CB92AE791F01}"
EndProject
Global
	GlobalSection(SolutionConfigurationPlatforms) = preSolution
		Debug|Any CPU = Debug|Any CPU
		Release|Any CPU = Release|Any CPU
	EndGlobalSection
	GlobalSection(ProjectConfigurationPlatforms) = postSolution
		{EA8030BB-800C-436E-9B5F-D0BD4FC160DC}.Debug|Any CPU.ActiveCfg = Debug|Any CPU
		{EA8030BB-800C-436E-9B5F-D0BD4FC160DC}.Debug|Any CPU.Build.0 = Debug|Any CPU
		{EA8030BB-800C-436E-9B5F-D0BD4FC160DC}.Release|Any CPU.ActiveCfg = Release|Any CPU
		{EA8030BB-800C-436E-9B5F-D0BD4FC160DC}.Release|Any CPU.Build.0 = Release|Any CPU
		{A0DED0F6-61C7-413D-9A8F-A932DFC01E3E}.Debug|Any CPU.ActiveCfg = Debug|Any CPU
		{A0DED0F6-61C7-413D-9A8F-A932DFC01E3E}.Debug|Any CPU.Build.0 = Debug|Any CPU
		{A0DED0F6-61C7-413D-9A8F-A932DFC01E3E}.Release|Any CPU.ActiveCfg = Release|Any CPU
		{A0DED0F6-61C7-413D-9A8F-A932DFC01E3E}.Release|Any CPU.Build.0 = Release|Any CPU
		{C25F540E-1593-4771-8A4F-CB92AE791F01}.Debug|Any CPU.ActiveCfg = Debug|Any CPU
		{C25F540E-1593-4771-8A4F-CB92AE791F01}.Debug|Any CPU.Build.0 = Debug|Any CPU
		{C25F540E-1593-4771-8A4F-CB92AE791F01}.Release|Any CPU.ActiveCfg = Release|Any CPU
		{C25F540E-1593-4771-8A4F-CB92AE791F01}.Release|Any CPU.Build.0 = Release|Any CPU
	EndGlobalSection
	GlobalSection(SolutionProperties) = preSolution
		HideSolutionNode = FALSE
	EndGlobalSection
	GlobalSection(ExtensibilityGlobals) = postSolution
		SolutionGuid = {1478AE36-C3E8-488C-88FF-49F1CB67ECF8}
	EndGlobalSection
EndGlobal
