
Microsoft Visual Studio Solution File, Format Version 12.00
# Visual Studio Version 16
VisualStudioVersion = 16.0.29102.190
MinimumVisualStudioVersion = 10.0.40219.1
Project("{9A19103F-16F7-4668-BE54-9A1E7A4F7556}") = "01.ReverseStrings", "01.ReverseStrings\01.ReverseStrings.csproj", "{B5664815-A289-41C2-B0E2-5B22B21F3757}"
EndProject
Project("{9A19103F-16F7-4668-BE54-9A1E7A4F7556}") = "02.StackSum", "02.StackSum\02.StackSum.csproj", "{067C0437-CEE6-4503-9D21-68ECE0A1085F}"
EndProject
Project("{9A19103F-16F7-4668-BE54-9A1E7A4F7556}") = "03.SimpleCalculator", "03.SimpleCalculator\03.SimpleCalculator.csproj", "{A0A6567F-C1D8-4DC5-B010-2A1DD42C696A}"
EndProject
Project("{9A19103F-16F7-4668-BE54-9A1E7A4F7556}") = "04.MatchingBrackets", "04.MatchingBrackets\04.MatchingBrackets.csproj", "{1DED77EB-8640-4F57-8351-6AA505C80E49}"
EndProject
Project("{9A19103F-16F7-4668-BE54-9A1E7A4F7556}") = "05.PrintEvenNumbers", "05.PrintEvenNumbers\05.PrintEvenNumbers.csproj", "{8952E229-06E9-478D-9D68-95D53798D851}"
EndProject
Project("{9A19103F-16F7-4668-BE54-9A1E7A4F7556}") = "06.Supermarket", "06.Supermarket\06.Supermarket.csproj", "{E4AC485B-03D5-45AB-B773-7743A5CD089A}"
EndProject
Project("{9A19103F-16F7-4668-BE54-9A1E7A4F7556}") = "07.HotPotato", "07.HotPotato\07.HotPotato.csproj", "{8953ACEB-21E0-4F66-BFBD-5347738E5D88}"
EndProject
Project("{FAE04EC0-301F-11D3-BF4B-00C04F79EFBC}") = "08.TrafficJam", "08.TrafficJam\08.TrafficJam.csproj", "{D9A9F23B-237A-4F33-9BB2-01D9A0CAFAD5}"
EndProject
Global
	GlobalSection(SolutionConfigurationPlatforms) = preSolution
		Debug|Any CPU = Debug|Any CPU
		Release|Any CPU = Release|Any CPU
	EndGlobalSection
	GlobalSection(ProjectConfigurationPlatforms) = postSolution
		{B5664815-A289-41C2-B0E2-5B22B21F3757}.Debug|Any CPU.ActiveCfg = Debug|Any CPU
		{B5664815-A289-41C2-B0E2-5B22B21F3757}.Debug|Any CPU.Build.0 = Debug|Any CPU
		{B5664815-A289-41C2-B0E2-5B22B21F3757}.Release|Any CPU.ActiveCfg = Release|Any CPU
		{B5664815-A289-41C2-B0E2-5B22B21F3757}.Release|Any CPU.Build.0 = Release|Any CPU
		{067C0437-CEE6-4503-9D21-68ECE0A1085F}.Debug|Any CPU.ActiveCfg = Debug|Any CPU
		{067C0437-CEE6-4503-9D21-68ECE0A1085F}.Debug|Any CPU.Build.0 = Debug|Any CPU
		{067C0437-CEE6-4503-9D21-68ECE0A1085F}.Release|Any CPU.ActiveCfg = Release|Any CPU
		{067C0437-CEE6-4503-9D21-68ECE0A1085F}.Release|Any CPU.Build.0 = Release|Any CPU
		{A0A6567F-C1D8-4DC5-B010-2A1DD42C696A}.Debug|Any CPU.ActiveCfg = Debug|Any CPU
		{A0A6567F-C1D8-4DC5-B010-2A1DD42C696A}.Debug|Any CPU.Build.0 = Debug|Any CPU
		{A0A6567F-C1D8-4DC5-B010-2A1DD42C696A}.Release|Any CPU.ActiveCfg = Release|Any CPU
		{A0A6567F-C1D8-4DC5-B010-2A1DD42C696A}.Release|Any CPU.Build.0 = Release|Any CPU
		{1DED77EB-8640-4F57-8351-6AA505C80E49}.Debug|Any CPU.ActiveCfg = Debug|Any CPU
		{1DED77EB-8640-4F57-8351-6AA505C80E49}.Debug|Any CPU.Build.0 = Debug|Any CPU
		{1DED77EB-8640-4F57-8351-6AA505C80E49}.Release|Any CPU.ActiveCfg = Release|Any CPU
		{1DED77EB-8640-4F57-8351-6AA505C80E49}.Release|Any CPU.Build.0 = Release|Any CPU
		{8952E229-06E9-478D-9D68-95D53798D851}.Debug|Any CPU.ActiveCfg = Debug|Any CPU
		{8952E229-06E9-478D-9D68-95D53798D851}.Debug|Any CPU.Build.0 = Debug|Any CPU
		{8952E229-06E9-478D-9D68-95D53798D851}.Release|Any CPU.ActiveCfg = Release|Any CPU
		{8952E229-06E9-478D-9D68-95D53798D851}.Release|Any CPU.Build.0 = Release|Any CPU
		{E4AC485B-03D5-45AB-B773-7743A5CD089A}.Debug|Any CPU.ActiveCfg = Debug|Any CPU
		{E4AC485B-03D5-45AB-B773-7743A5CD089A}.Debug|Any CPU.Build.0 = Debug|Any CPU
		{E4AC485B-03D5-45AB-B773-7743A5CD089A}.Release|Any CPU.ActiveCfg = Release|Any CPU
		{E4AC485B-03D5-45AB-B773-7743A5CD089A}.Release|Any CPU.Build.0 = Release|Any CPU
		{8953ACEB-21E0-4F66-BFBD-5347738E5D88}.Debug|Any CPU.ActiveCfg = Debug|Any CPU
		{8953ACEB-21E0-4F66-BFBD-5347738E5D88}.Debug|Any CPU.Build.0 = Debug|Any CPU
		{8953ACEB-21E0-4F66-BFBD-5347738E5D88}.Release|Any CPU.ActiveCfg = Release|Any CPU
		{8953ACEB-21E0-4F66-BFBD-5347738E5D88}.Release|Any CPU.Build.0 = Release|Any CPU
		{D9A9F23B-237A-4F33-9BB2-01D9A0CAFAD5}.Debug|Any CPU.ActiveCfg = Debug|Any CPU
		{D9A9F23B-237A-4F33-9BB2-01D9A0CAFAD5}.Debug|Any CPU.Build.0 = Debug|Any CPU
		{D9A9F23B-237A-4F33-9BB2-01D9A0CAFAD5}.Release|Any CPU.ActiveCfg = Release|Any CPU
		{D9A9F23B-237A-4F33-9BB2-01D9A0CAFAD5}.Release|Any CPU.Build.0 = Release|Any CPU
	EndGlobalSection
	GlobalSection(SolutionProperties) = preSolution
		HideSolutionNode = FALSE
	EndGlobalSection
	GlobalSection(ExtensibilityGlobals) = postSolution
		SolutionGuid = {21C5CE0D-A6F9-4B8F-AB88-1061F918AFF2}
	EndGlobalSection
EndGlobal
