
Microsoft Visual Studio Solution File, Format Version 12.00
# Visual Studio Version 16
VisualStudioVersion = 16.0.29201.188
MinimumVisualStudioVersion = 10.0.40219.1
Project("{FAE04EC0-301F-11D3-BF4B-00C04F79EFBC}") = "01.Socks", "01.Socks\01.Socks.csproj", "{A8D94B77-539E-4653-B07A-730A534C245D}"
EndProject
Project("{FAE04EC0-301F-11D3-BF4B-00C04F79EFBC}") = "02.ExcelFunctions", "02.ExcelFunctions\02.ExcelFunctions.csproj", "{BA6E9978-4EE1-4319-9A98-4C4418D60ABD}"
EndProject
Project("{9A19103F-16F7-4668-BE54-9A1E7A4F7556}") = "Repository", "Repository\Repository.csproj", "{75CB06A6-925A-4D2E-B4B2-D634AED4F2CC}"
EndProject
Global
	GlobalSection(SolutionConfigurationPlatforms) = preSolution
		Debug|Any CPU = Debug|Any CPU
		Release|Any CPU = Release|Any CPU
	EndGlobalSection
	GlobalSection(ProjectConfigurationPlatforms) = postSolution
		{A8D94B77-539E-4653-B07A-730A534C245D}.Debug|Any CPU.ActiveCfg = Debug|Any CPU
		{A8D94B77-539E-4653-B07A-730A534C245D}.Debug|Any CPU.Build.0 = Debug|Any CPU
		{A8D94B77-539E-4653-B07A-730A534C245D}.Release|Any CPU.ActiveCfg = Release|Any CPU
		{A8D94B77-539E-4653-B07A-730A534C245D}.Release|Any CPU.Build.0 = Release|Any CPU
		{BA6E9978-4EE1-4319-9A98-4C4418D60ABD}.Debug|Any CPU.ActiveCfg = Debug|Any CPU
		{BA6E9978-4EE1-4319-9A98-4C4418D60ABD}.Debug|Any CPU.Build.0 = Debug|Any CPU
		{BA6E9978-4EE1-4319-9A98-4C4418D60ABD}.Release|Any CPU.ActiveCfg = Release|Any CPU
		{BA6E9978-4EE1-4319-9A98-4C4418D60ABD}.Release|Any CPU.Build.0 = Release|Any CPU
		{75CB06A6-925A-4D2E-B4B2-D634AED4F2CC}.Debug|Any CPU.ActiveCfg = Debug|Any CPU
		{75CB06A6-925A-4D2E-B4B2-D634AED4F2CC}.Debug|Any CPU.Build.0 = Debug|Any CPU
		{75CB06A6-925A-4D2E-B4B2-D634AED4F2CC}.Release|Any CPU.ActiveCfg = Release|Any CPU
		{75CB06A6-925A-4D2E-B4B2-D634AED4F2CC}.Release|Any CPU.Build.0 = Release|Any CPU
	EndGlobalSection
	GlobalSection(SolutionProperties) = preSolution
		HideSolutionNode = FALSE
	EndGlobalSection
	GlobalSection(ExtensibilityGlobals) = postSolution
		SolutionGuid = {06294F04-10FC-42D7-B509-06453F33F861}
	EndGlobalSection
EndGlobal
