
Microsoft Visual Studio Solution File, Format Version 12.00
# Visual Studio Version 16
VisualStudioVersion = 16.0.29102.190
MinimumVisualStudioVersion = 10.0.40219.1
Project("{FAE04EC0-301F-11D3-BF4B-00C04F79EFBC}") = "01.SortEvenNumbers", "01.SortEvenNumbers\01.SortEvenNumbers.csproj", "{D6326296-9CB2-4A32-8FE6-AAC31830A21D}"
EndProject
Project("{FAE04EC0-301F-11D3-BF4B-00C04F79EFBC}") = "02.SumNumbers", "02.SumNumbers\02.SumNumbers.csproj", "{5740CDB2-D81A-4CA4-9EF3-584AFCCA8089}"
EndProject
Project("{FAE04EC0-301F-11D3-BF4B-00C04F79EFBC}") = "03.CountUppercaseWords", "03.CountUppercaseWords\03.CountUppercaseWords.csproj", "{A7AED88C-1B5F-4192-8C6F-468AA482BF7D}"
EndProject
Project("{FAE04EC0-301F-11D3-BF4B-00C04F79EFBC}") = "04.AddVAT", "04.AddVAT\04.AddVAT.csproj", "{EF017CB9-D76C-4B82-A2BD-E6D0EE8F241E}"
EndProject
Project("{FAE04EC0-301F-11D3-BF4B-00C04F79EFBC}") = "05.FilterByAge", "05.FilterByAge\05.FilterByAge.csproj", "{2251B0DA-DEBD-40E1-8F8A-4A69CCAF4E4E}"
EndProject
Global
	GlobalSection(SolutionConfigurationPlatforms) = preSolution
		Debug|Any CPU = Debug|Any CPU
		Release|Any CPU = Release|Any CPU
	EndGlobalSection
	GlobalSection(ProjectConfigurationPlatforms) = postSolution
		{D6326296-9CB2-4A32-8FE6-AAC31830A21D}.Debug|Any CPU.ActiveCfg = Debug|Any CPU
		{D6326296-9CB2-4A32-8FE6-AAC31830A21D}.Debug|Any CPU.Build.0 = Debug|Any CPU
		{D6326296-9CB2-4A32-8FE6-AAC31830A21D}.Release|Any CPU.ActiveCfg = Release|Any CPU
		{D6326296-9CB2-4A32-8FE6-AAC31830A21D}.Release|Any CPU.Build.0 = Release|Any CPU
		{5740CDB2-D81A-4CA4-9EF3-584AFCCA8089}.Debug|Any CPU.ActiveCfg = Debug|Any CPU
		{5740CDB2-D81A-4CA4-9EF3-584AFCCA8089}.Debug|Any CPU.Build.0 = Debug|Any CPU
		{5740CDB2-D81A-4CA4-9EF3-584AFCCA8089}.Release|Any CPU.ActiveCfg = Release|Any CPU
		{5740CDB2-D81A-4CA4-9EF3-584AFCCA8089}.Release|Any CPU.Build.0 = Release|Any CPU
		{A7AED88C-1B5F-4192-8C6F-468AA482BF7D}.Debug|Any CPU.ActiveCfg = Debug|Any CPU
		{A7AED88C-1B5F-4192-8C6F-468AA482BF7D}.Debug|Any CPU.Build.0 = Debug|Any CPU
		{A7AED88C-1B5F-4192-8C6F-468AA482BF7D}.Release|Any CPU.ActiveCfg = Release|Any CPU
		{A7AED88C-1B5F-4192-8C6F-468AA482BF7D}.Release|Any CPU.Build.0 = Release|Any CPU
		{EF017CB9-D76C-4B82-A2BD-E6D0EE8F241E}.Debug|Any CPU.ActiveCfg = Debug|Any CPU
		{EF017CB9-D76C-4B82-A2BD-E6D0EE8F241E}.Debug|Any CPU.Build.0 = Debug|Any CPU
		{EF017CB9-D76C-4B82-A2BD-E6D0EE8F241E}.Release|Any CPU.ActiveCfg = Release|Any CPU
		{EF017CB9-D76C-4B82-A2BD-E6D0EE8F241E}.Release|Any CPU.Build.0 = Release|Any CPU
		{2251B0DA-DEBD-40E1-8F8A-4A69CCAF4E4E}.Debug|Any CPU.ActiveCfg = Debug|Any CPU
		{2251B0DA-DEBD-40E1-8F8A-4A69CCAF4E4E}.Debug|Any CPU.Build.0 = Debug|Any CPU
		{2251B0DA-DEBD-40E1-8F8A-4A69CCAF4E4E}.Release|Any CPU.ActiveCfg = Release|Any CPU
		{2251B0DA-DEBD-40E1-8F8A-4A69CCAF4E4E}.Release|Any CPU.Build.0 = Release|Any CPU
	EndGlobalSection
	GlobalSection(SolutionProperties) = preSolution
		HideSolutionNode = FALSE
	EndGlobalSection
	GlobalSection(ExtensibilityGlobals) = postSolution
		SolutionGuid = {8290F748-1C50-4BB0-B880-53FAE4EBE7ED}
	EndGlobalSection
EndGlobal
