
Microsoft Visual Studio Solution File, Format Version 12.00
# Visual Studio Version 16
VisualStudioVersion = 16.0.29102.190
MinimumVisualStudioVersion = 10.0.40219.1
Project("{9A19103F-16F7-4668-BE54-9A1E7A4F7556}") = "01.BasicStackOperations", "01.BasicStackOperations\01.BasicStackOperations.csproj", "{C56CD664-7CE4-4EAB-A540-EAAC9D7DC90A}"
EndProject
Project("{9A19103F-16F7-4668-BE54-9A1E7A4F7556}") = "02.BasicQueueOperations", "02.BasicQueueOperations\02.BasicQueueOperations.csproj", "{8CF81BF2-5C47-49A8-87C8-0F1544C799E5}"
EndProject
Project("{9A19103F-16F7-4668-BE54-9A1E7A4F7556}") = "03.MaxAndMinElement", "03.MaxAndMinElement\03.MaxAndMinElement.csproj", "{C7564B7E-09C3-4CE9-8C2A-83D423532A67}"
EndProject
Project("{9A19103F-16F7-4668-BE54-9A1E7A4F7556}") = "04.FastFood", "04.FastFood\04.FastFood.csproj", "{FC076CB3-CE2F-4F38-B293-BFF963F3C251}"
EndProject
Project("{9A19103F-16F7-4668-BE54-9A1E7A4F7556}") = "05.FashionBoutique", "05.FashionBoutique\05.FashionBoutique.csproj", "{D1F86666-B289-4785-B8DD-A335D8CE7A3B}"
EndProject
Project("{9A19103F-16F7-4668-BE54-9A1E7A4F7556}") = "06.AutoRepairAndService", "06.AutoRepairAndService\06.AutoRepairAndService.csproj", "{6563FA96-7AA6-458E-A6CD-0520DBD1A935}"
EndProject
Project("{9A19103F-16F7-4668-BE54-9A1E7A4F7556}") = "07.TruckTour", "07.TruckTour\07.TruckTour.csproj", "{BF64BBA4-E69E-4980-AE61-C5971495041B}"
EndProject
Project("{9A19103F-16F7-4668-BE54-9A1E7A4F7556}") = "08.BalancedParenthesis", "08.BalancedParenthesis\08.BalancedParenthesis.csproj", "{96ED527C-03FF-44D7-A686-C2DA1542DE6E}"
EndProject
Project("{9A19103F-16F7-4668-BE54-9A1E7A4F7556}") = "09.SimpleTextEditor", "09.SimpleTextEditor\09.SimpleTextEditor.csproj", "{CAB0CA5E-FE0D-4B55-BA6A-5A08C96527AA}"
EndProject
Project("{9A19103F-16F7-4668-BE54-9A1E7A4F7556}") = "10.Crossroads", "10. Crossroads\10.Crossroads.csproj", "{C020B2C8-B497-4DB8-9540-A590ABD7F224}"
EndProject
Project("{FAE04EC0-301F-11D3-BF4B-00C04F79EFBC}") = "11.KeyRevolver", "ConsoleApp1\11.KeyRevolver.csproj", "{1DEAEF3F-7F12-435B-9924-F354B3CE4912}"
EndProject
Project("{FAE04EC0-301F-11D3-BF4B-00C04F79EFBC}") = "12.CupsAndBottles", "12.CupsAndBottles\12.CupsAndBottles.csproj", "{2E608C7E-8D65-4CD2-9CC0-4EE264A3FB59}"
EndProject
Global
	GlobalSection(SolutionConfigurationPlatforms) = preSolution
		Debug|Any CPU = Debug|Any CPU
		Release|Any CPU = Release|Any CPU
	EndGlobalSection
	GlobalSection(ProjectConfigurationPlatforms) = postSolution
		{C56CD664-7CE4-4EAB-A540-EAAC9D7DC90A}.Debug|Any CPU.ActiveCfg = Debug|Any CPU
		{C56CD664-7CE4-4EAB-A540-EAAC9D7DC90A}.Debug|Any CPU.Build.0 = Debug|Any CPU
		{C56CD664-7CE4-4EAB-A540-EAAC9D7DC90A}.Release|Any CPU.ActiveCfg = Release|Any CPU
		{C56CD664-7CE4-4EAB-A540-EAAC9D7DC90A}.Release|Any CPU.Build.0 = Release|Any CPU
		{8CF81BF2-5C47-49A8-87C8-0F1544C799E5}.Debug|Any CPU.ActiveCfg = Debug|Any CPU
		{8CF81BF2-5C47-49A8-87C8-0F1544C799E5}.Debug|Any CPU.Build.0 = Debug|Any CPU
		{8CF81BF2-5C47-49A8-87C8-0F1544C799E5}.Release|Any CPU.ActiveCfg = Release|Any CPU
		{8CF81BF2-5C47-49A8-87C8-0F1544C799E5}.Release|Any CPU.Build.0 = Release|Any CPU
		{C7564B7E-09C3-4CE9-8C2A-83D423532A67}.Debug|Any CPU.ActiveCfg = Debug|Any CPU
		{C7564B7E-09C3-4CE9-8C2A-83D423532A67}.Debug|Any CPU.Build.0 = Debug|Any CPU
		{C7564B7E-09C3-4CE9-8C2A-83D423532A67}.Release|Any CPU.ActiveCfg = Release|Any CPU
		{C7564B7E-09C3-4CE9-8C2A-83D423532A67}.Release|Any CPU.Build.0 = Release|Any CPU
		{FC076CB3-CE2F-4F38-B293-BFF963F3C251}.Debug|Any CPU.ActiveCfg = Debug|Any CPU
		{FC076CB3-CE2F-4F38-B293-BFF963F3C251}.Debug|Any CPU.Build.0 = Debug|Any CPU
		{FC076CB3-CE2F-4F38-B293-BFF963F3C251}.Release|Any CPU.ActiveCfg = Release|Any CPU
		{FC076CB3-CE2F-4F38-B293-BFF963F3C251}.Release|Any CPU.Build.0 = Release|Any CPU
		{D1F86666-B289-4785-B8DD-A335D8CE7A3B}.Debug|Any CPU.ActiveCfg = Debug|Any CPU
		{D1F86666-B289-4785-B8DD-A335D8CE7A3B}.Debug|Any CPU.Build.0 = Debug|Any CPU
		{D1F86666-B289-4785-B8DD-A335D8CE7A3B}.Release|Any CPU.ActiveCfg = Release|Any CPU
		{D1F86666-B289-4785-B8DD-A335D8CE7A3B}.Release|Any CPU.Build.0 = Release|Any CPU
		{6563FA96-7AA6-458E-A6CD-0520DBD1A935}.Debug|Any CPU.ActiveCfg = Debug|Any CPU
		{6563FA96-7AA6-458E-A6CD-0520DBD1A935}.Debug|Any CPU.Build.0 = Debug|Any CPU
		{6563FA96-7AA6-458E-A6CD-0520DBD1A935}.Release|Any CPU.ActiveCfg = Release|Any CPU
		{6563FA96-7AA6-458E-A6CD-0520DBD1A935}.Release|Any CPU.Build.0 = Release|Any CPU
		{BF64BBA4-E69E-4980-AE61-C5971495041B}.Debug|Any CPU.ActiveCfg = Debug|Any CPU
		{BF64BBA4-E69E-4980-AE61-C5971495041B}.Debug|Any CPU.Build.0 = Debug|Any CPU
		{BF64BBA4-E69E-4980-AE61-C5971495041B}.Release|Any CPU.ActiveCfg = Release|Any CPU
		{BF64BBA4-E69E-4980-AE61-C5971495041B}.Release|Any CPU.Build.0 = Release|Any CPU
		{96ED527C-03FF-44D7-A686-C2DA1542DE6E}.Debug|Any CPU.ActiveCfg = Debug|Any CPU
		{96ED527C-03FF-44D7-A686-C2DA1542DE6E}.Debug|Any CPU.Build.0 = Debug|Any CPU
		{96ED527C-03FF-44D7-A686-C2DA1542DE6E}.Release|Any CPU.ActiveCfg = Release|Any CPU
		{96ED527C-03FF-44D7-A686-C2DA1542DE6E}.Release|Any CPU.Build.0 = Release|Any CPU
		{CAB0CA5E-FE0D-4B55-BA6A-5A08C96527AA}.Debug|Any CPU.ActiveCfg = Debug|Any CPU
		{CAB0CA5E-FE0D-4B55-BA6A-5A08C96527AA}.Debug|Any CPU.Build.0 = Debug|Any CPU
		{CAB0CA5E-FE0D-4B55-BA6A-5A08C96527AA}.Release|Any CPU.ActiveCfg = Release|Any CPU
		{CAB0CA5E-FE0D-4B55-BA6A-5A08C96527AA}.Release|Any CPU.Build.0 = Release|Any CPU
		{C020B2C8-B497-4DB8-9540-A590ABD7F224}.Debug|Any CPU.ActiveCfg = Debug|Any CPU
		{C020B2C8-B497-4DB8-9540-A590ABD7F224}.Debug|Any CPU.Build.0 = Debug|Any CPU
		{C020B2C8-B497-4DB8-9540-A590ABD7F224}.Release|Any CPU.ActiveCfg = Release|Any CPU
		{C020B2C8-B497-4DB8-9540-A590ABD7F224}.Release|Any CPU.Build.0 = Release|Any CPU
		{1DEAEF3F-7F12-435B-9924-F354B3CE4912}.Debug|Any CPU.ActiveCfg = Debug|Any CPU
		{1DEAEF3F-7F12-435B-9924-F354B3CE4912}.Debug|Any CPU.Build.0 = Debug|Any CPU
		{1DEAEF3F-7F12-435B-9924-F354B3CE4912}.Release|Any CPU.ActiveCfg = Release|Any CPU
		{1DEAEF3F-7F12-435B-9924-F354B3CE4912}.Release|Any CPU.Build.0 = Release|Any CPU
		{2E608C7E-8D65-4CD2-9CC0-4EE264A3FB59}.Debug|Any CPU.ActiveCfg = Debug|Any CPU
		{2E608C7E-8D65-4CD2-9CC0-4EE264A3FB59}.Debug|Any CPU.Build.0 = Debug|Any CPU
		{2E608C7E-8D65-4CD2-9CC0-4EE264A3FB59}.Release|Any CPU.ActiveCfg = Release|Any CPU
		{2E608C7E-8D65-4CD2-9CC0-4EE264A3FB59}.Release|Any CPU.Build.0 = Release|Any CPU
	EndGlobalSection
	GlobalSection(SolutionProperties) = preSolution
		HideSolutionNode = FALSE
	EndGlobalSection
	GlobalSection(ExtensibilityGlobals) = postSolution
		SolutionGuid = {C7E0C1C9-678C-4C9D-BF9E-410FAA5C139B}
	EndGlobalSection
EndGlobal
