
Microsoft Visual Studio Solution File, Format Version 12.00
# Visual Studio Version 16
VisualStudioVersion = 16.0.31515.178
MinimumVisualStudioVersion = 10.0.40219.1
Project("{9A19103F-16F7-4668-BE54-9A1E7A4F7556}") = "P01MatchFullName", "P01MatchFullName\P01MatchFullName.csproj", "{DE5856D8-3E78-4A51-9546-51CE18BBFCDF}"
EndProject
Project("{FAE04EC0-301F-11D3-BF4B-00C04F79EFBC}") = "P02MatchPhoneNumber", "P02MatchPhoneNumber\P02MatchPhoneNumber.csproj", "{C9368619-18B1-4EA2-95AD-15E42A429B3C}"
EndProject
Project("{FAE04EC0-301F-11D3-BF4B-00C04F79EFBC}") = "P03MatchDates", "P03MatchDates\P03MatchDates.csproj", "{08CBF046-8A3C-40EF-AAAC-1D8118812905}"
EndProject
Global
	GlobalSection(SolutionConfigurationPlatforms) = preSolution
		Debug|Any CPU = Debug|Any CPU
		Release|Any CPU = Release|Any CPU
	EndGlobalSection
	GlobalSection(ProjectConfigurationPlatforms) = postSolution
		{DE5856D8-3E78-4A51-9546-51CE18BBFCDF}.Debug|Any CPU.ActiveCfg = Debug|Any CPU
		{DE5856D8-3E78-4A51-9546-51CE18BBFCDF}.Debug|Any CPU.Build.0 = Debug|Any CPU
		{DE5856D8-3E78-4A51-9546-51CE18BBFCDF}.Release|Any CPU.ActiveCfg = Release|Any CPU
		{DE5856D8-3E78-4A51-9546-51CE18BBFCDF}.Release|Any CPU.Build.0 = Release|Any CPU
		{C9368619-18B1-4EA2-95AD-15E42A429B3C}.Debug|Any CPU.ActiveCfg = Debug|Any CPU
		{C9368619-18B1-4EA2-95AD-15E42A429B3C}.Debug|Any CPU.Build.0 = Debug|Any CPU
		{C9368619-18B1-4EA2-95AD-15E42A429B3C}.Release|Any CPU.ActiveCfg = Release|Any CPU
		{C9368619-18B1-4EA2-95AD-15E42A429B3C}.Release|Any CPU.Build.0 = Release|Any CPU
		{08CBF046-8A3C-40EF-AAAC-1D8118812905}.Debug|Any CPU.ActiveCfg = Debug|Any CPU
		{08CBF046-8A3C-40EF-AAAC-1D8118812905}.Debug|Any CPU.Build.0 = Debug|Any CPU
		{08CBF046-8A3C-40EF-AAAC-1D8118812905}.Release|Any CPU.ActiveCfg = Release|Any CPU
		{08CBF046-8A3C-40EF-AAAC-1D8118812905}.Release|Any CPU.Build.0 = Release|Any CPU
	EndGlobalSection
	GlobalSection(SolutionProperties) = preSolution
		HideSolutionNode = FALSE
	EndGlobalSection
	GlobalSection(ExtensibilityGlobals) = postSolution
		SolutionGuid = {ADB7C979-835B-498F-8F06-F458403277F7}
	EndGlobalSection
EndGlobal
