
Microsoft Visual Studio Solution File, Format Version 12.00
# Visual Studio Version 16
VisualStudioVersion = 16.0.31515.178
MinimumVisualStudioVersion = 10.0.40219.1
Project("{FAE04EC0-301F-11D3-BF4B-00C04F79EFBC}") = "P01SecretChat", "P01SecretChat\P01SecretChat.csproj", "{F00B18B8-5D39-4E3F-A601-DE8D99904E1D}"
EndProject
Project("{FAE04EC0-301F-11D3-BF4B-00C04F79EFBC}") = "P02MirrorWords", "P02MirrorWords\P02MirrorWords.csproj", "{2DDB6819-037E-4963-A233-949F59A5628B}"
EndProject
Project("{FAE04EC0-301F-11D3-BF4B-00C04F79EFBC}") = "P03NeedForSpeedIII", "P03NeedForSpeedIII\P03NeedForSpeedIII.csproj", "{DB34CD2A-EE15-4E1E-9C56-B896C23A543C}"
EndProject
Global
	GlobalSection(SolutionConfigurationPlatforms) = preSolution
		Debug|Any CPU = Debug|Any CPU
		Release|Any CPU = Release|Any CPU
	EndGlobalSection
	GlobalSection(ProjectConfigurationPlatforms) = postSolution
		{F00B18B8-5D39-4E3F-A601-DE8D99904E1D}.Debug|Any CPU.ActiveCfg = Debug|Any CPU
		{F00B18B8-5D39-4E3F-A601-DE8D99904E1D}.Debug|Any CPU.Build.0 = Debug|Any CPU
		{F00B18B8-5D39-4E3F-A601-DE8D99904E1D}.Release|Any CPU.ActiveCfg = Release|Any CPU
		{F00B18B8-5D39-4E3F-A601-DE8D99904E1D}.Release|Any CPU.Build.0 = Release|Any CPU
		{2DDB6819-037E-4963-A233-949F59A5628B}.Debug|Any CPU.ActiveCfg = Debug|Any CPU
		{2DDB6819-037E-4963-A233-949F59A5628B}.Debug|Any CPU.Build.0 = Debug|Any CPU
		{2DDB6819-037E-4963-A233-949F59A5628B}.Release|Any CPU.ActiveCfg = Release|Any CPU
		{2DDB6819-037E-4963-A233-949F59A5628B}.Release|Any CPU.Build.0 = Release|Any CPU
		{DB34CD2A-EE15-4E1E-9C56-B896C23A543C}.Debug|Any CPU.ActiveCfg = Debug|Any CPU
		{DB34CD2A-EE15-4E1E-9C56-B896C23A543C}.Debug|Any CPU.Build.0 = Debug|Any CPU
		{DB34CD2A-EE15-4E1E-9C56-B896C23A543C}.Release|Any CPU.ActiveCfg = Release|Any CPU
		{DB34CD2A-EE15-4E1E-9C56-B896C23A543C}.Release|Any CPU.Build.0 = Release|Any CPU
	EndGlobalSection
	GlobalSection(SolutionProperties) = preSolution
		HideSolutionNode = FALSE
	EndGlobalSection
	GlobalSection(ExtensibilityGlobals) = postSolution
		SolutionGuid = {6D47C878-67B2-43AB-96AF-E71A9E5C6DA5}
	EndGlobalSection
EndGlobal
