
Microsoft Visual Studio Solution File, Format Version 12.00
# Visual Studio Version 16
VisualStudioVersion = 16.0.31424.327
MinimumVisualStudioVersion = 10.0.40219.1
Project("{FAE04EC0-301F-11D3-BF4B-00C04F79EFBC}") = "P01NationalCourt", "P01NationalCourt\P01NationalCourt.csproj", "{5F655699-7C0F-4F07-82A6-4317323EE299}"
EndProject
Project("{FAE04EC0-301F-11D3-BF4B-00C04F79EFBC}") = "P02ShoppingList", "P02ShoppingList\P02ShoppingList.csproj", "{4F4C7D86-8208-4DD4-9E47-3DE192C37DA5}"
EndProject
Project("{FAE04EC0-301F-11D3-BF4B-00C04F79EFBC}") = "P03HeartDelivery", "P03HeartDelivery\P03HeartDelivery.csproj", "{9D2C768C-1772-40D5-8EAF-F2E16AE67CB8}"
EndProject
Global
	GlobalSection(SolutionConfigurationPlatforms) = preSolution
		Debug|Any CPU = Debug|Any CPU
		Release|Any CPU = Release|Any CPU
	EndGlobalSection
	GlobalSection(ProjectConfigurationPlatforms) = postSolution
		{5F655699-7C0F-4F07-82A6-4317323EE299}.Debug|Any CPU.ActiveCfg = Debug|Any CPU
		{5F655699-7C0F-4F07-82A6-4317323EE299}.Debug|Any CPU.Build.0 = Debug|Any CPU
		{5F655699-7C0F-4F07-82A6-4317323EE299}.Release|Any CPU.ActiveCfg = Release|Any CPU
		{5F655699-7C0F-4F07-82A6-4317323EE299}.Release|Any CPU.Build.0 = Release|Any CPU
		{4F4C7D86-8208-4DD4-9E47-3DE192C37DA5}.Debug|Any CPU.ActiveCfg = Debug|Any CPU
		{4F4C7D86-8208-4DD4-9E47-3DE192C37DA5}.Debug|Any CPU.Build.0 = Debug|Any CPU
		{4F4C7D86-8208-4DD4-9E47-3DE192C37DA5}.Release|Any CPU.ActiveCfg = Release|Any CPU
		{4F4C7D86-8208-4DD4-9E47-3DE192C37DA5}.Release|Any CPU.Build.0 = Release|Any CPU
		{9D2C768C-1772-40D5-8EAF-F2E16AE67CB8}.Debug|Any CPU.ActiveCfg = Debug|Any CPU
		{9D2C768C-1772-40D5-8EAF-F2E16AE67CB8}.Debug|Any CPU.Build.0 = Debug|Any CPU
		{9D2C768C-1772-40D5-8EAF-F2E16AE67CB8}.Release|Any CPU.ActiveCfg = Release|Any CPU
		{9D2C768C-1772-40D5-8EAF-F2E16AE67CB8}.Release|Any CPU.Build.0 = Release|Any CPU
	EndGlobalSection
	GlobalSection(SolutionProperties) = preSolution
		HideSolutionNode = FALSE
	EndGlobalSection
	GlobalSection(ExtensibilityGlobals) = postSolution
		SolutionGuid = {34E6FE9B-6EA1-42E3-AC11-C1BD8B946776}
	EndGlobalSection
EndGlobal
