
Microsoft Visual Studio Solution File, Format Version 12.00
# Visual Studio Version 16
VisualStudioVersion = 16.0.29102.190
MinimumVisualStudioVersion = 10.0.40219.1
Project("{9A19103F-16F7-4668-BE54-9A1E7A4F7556}") = "01.CountSameValuesArr", "01.CountSameValuesArr\01.CountSameValuesArr.csproj", "{92B8E5F0-D856-4586-AD63-251BE6B9CDFD}"
EndProject
Project("{9A19103F-16F7-4668-BE54-9A1E7A4F7556}") = "02.AverageStudentGrades", "02.AverageStudentGrades\02.AverageStudentGrades.csproj", "{6C98D661-8D29-4480-B79B-CA0ECAC040D3}"
EndProject
Project("{9A19103F-16F7-4668-BE54-9A1E7A4F7556}") = "03.ProductShop", "03.ProductShop\03.ProductShop.csproj", "{8993CE3E-7EAD-4608-8163-EDCE1EA9AFAD}"
EndProject
Project("{FAE04EC0-301F-11D3-BF4B-00C04F79EFBC}") = "04.CitiesByContAndCountry", "04.CitiesByContAndCountry\04.CitiesByContAndCountry.csproj", "{E0A9B4A7-0A6D-4C29-AAEF-F75B437CA627}"
EndProject
Project("{FAE04EC0-301F-11D3-BF4B-00C04F79EFBC}") = "05.RecordUniqueNames", "05.RecordUniqueNames\05.RecordUniqueNames.csproj", "{C33675A7-CA84-4439-8D5A-8FD3DCD2C54F}"
EndProject
Project("{FAE04EC0-301F-11D3-BF4B-00C04F79EFBC}") = "06.ParkingLot", "06.ParkingLot\06.ParkingLot.csproj", "{CC1BF039-27D5-42FA-9165-BE6337249D4D}"
EndProject
Project("{FAE04EC0-301F-11D3-BF4B-00C04F79EFBC}") = "07.SoftUniParty", "07.SoftUniParty\07.SoftUniParty.csproj", "{87B914C1-4C62-4672-9CDF-455E653BE076}"
EndProject
Global
	GlobalSection(SolutionConfigurationPlatforms) = preSolution
		Debug|Any CPU = Debug|Any CPU
		Release|Any CPU = Release|Any CPU
	EndGlobalSection
	GlobalSection(ProjectConfigurationPlatforms) = postSolution
		{92B8E5F0-D856-4586-AD63-251BE6B9CDFD}.Debug|Any CPU.ActiveCfg = Debug|Any CPU
		{92B8E5F0-D856-4586-AD63-251BE6B9CDFD}.Debug|Any CPU.Build.0 = Debug|Any CPU
		{92B8E5F0-D856-4586-AD63-251BE6B9CDFD}.Release|Any CPU.ActiveCfg = Release|Any CPU
		{92B8E5F0-D856-4586-AD63-251BE6B9CDFD}.Release|Any CPU.Build.0 = Release|Any CPU
		{6C98D661-8D29-4480-B79B-CA0ECAC040D3}.Debug|Any CPU.ActiveCfg = Debug|Any CPU
		{6C98D661-8D29-4480-B79B-CA0ECAC040D3}.Debug|Any CPU.Build.0 = Debug|Any CPU
		{6C98D661-8D29-4480-B79B-CA0ECAC040D3}.Release|Any CPU.ActiveCfg = Release|Any CPU
		{6C98D661-8D29-4480-B79B-CA0ECAC040D3}.Release|Any CPU.Build.0 = Release|Any CPU
		{8993CE3E-7EAD-4608-8163-EDCE1EA9AFAD}.Debug|Any CPU.ActiveCfg = Debug|Any CPU
		{8993CE3E-7EAD-4608-8163-EDCE1EA9AFAD}.Debug|Any CPU.Build.0 = Debug|Any CPU
		{8993CE3E-7EAD-4608-8163-EDCE1EA9AFAD}.Release|Any CPU.ActiveCfg = Release|Any CPU
		{8993CE3E-7EAD-4608-8163-EDCE1EA9AFAD}.Release|Any CPU.Build.0 = Release|Any CPU
		{E0A9B4A7-0A6D-4C29-AAEF-F75B437CA627}.Debug|Any CPU.ActiveCfg = Debug|Any CPU
		{E0A9B4A7-0A6D-4C29-AAEF-F75B437CA627}.Debug|Any CPU.Build.0 = Debug|Any CPU
		{E0A9B4A7-0A6D-4C29-AAEF-F75B437CA627}.Release|Any CPU.ActiveCfg = Release|Any CPU
		{E0A9B4A7-0A6D-4C29-AAEF-F75B437CA627}.Release|Any CPU.Build.0 = Release|Any CPU
		{C33675A7-CA84-4439-8D5A-8FD3DCD2C54F}.Debug|Any CPU.ActiveCfg = Debug|Any CPU
		{C33675A7-CA84-4439-8D5A-8FD3DCD2C54F}.Debug|Any CPU.Build.0 = Debug|Any CPU
		{C33675A7-CA84-4439-8D5A-8FD3DCD2C54F}.Release|Any CPU.ActiveCfg = Release|Any CPU
		{C33675A7-CA84-4439-8D5A-8FD3DCD2C54F}.Release|Any CPU.Build.0 = Release|Any CPU
		{CC1BF039-27D5-42FA-9165-BE6337249D4D}.Debug|Any CPU.ActiveCfg = Debug|Any CPU
		{CC1BF039-27D5-42FA-9165-BE6337249D4D}.Debug|Any CPU.Build.0 = Debug|Any CPU
		{CC1BF039-27D5-42FA-9165-BE6337249D4D}.Release|Any CPU.ActiveCfg = Release|Any CPU
		{CC1BF039-27D5-42FA-9165-BE6337249D4D}.Release|Any CPU.Build.0 = Release|Any CPU
		{87B914C1-4C62-4672-9CDF-455E653BE076}.Debug|Any CPU.ActiveCfg = Debug|Any CPU
		{87B914C1-4C62-4672-9CDF-455E653BE076}.Debug|Any CPU.Build.0 = Debug|Any CPU
		{87B914C1-4C62-4672-9CDF-455E653BE076}.Release|Any CPU.ActiveCfg = Release|Any CPU
		{87B914C1-4C62-4672-9CDF-455E653BE076}.Release|Any CPU.Build.0 = Release|Any CPU
	EndGlobalSection
	GlobalSection(SolutionProperties) = preSolution
		HideSolutionNode = FALSE
	EndGlobalSection
	GlobalSection(ExtensibilityGlobals) = postSolution
		SolutionGuid = {9F1D7A1F-2B53-47BD-99F2-8B8A205589F4}
	EndGlobalSection
EndGlobal
