
Microsoft Visual Studio Solution File, Format Version 12.00
# Visual Studio Version 16
VisualStudioVersion = 16.0.29102.190
MinimumVisualStudioVersion = 10.0.40219.1
Project("{FAE04EC0-301F-11D3-BF4B-00C04F79EFBC}") = "01.SumMatrixElements", "01.SumMatrixElements\01.SumMatrixElements.csproj", "{F5787586-A582-40AC-8486-CB7B263BBF7A}"
EndProject
Project("{FAE04EC0-301F-11D3-BF4B-00C04F79EFBC}") = "02.SumMatrixColumns", "02.SumMatrixColumns\02.SumMatrixColumns.csproj", "{7C82C878-C935-4156-B328-4CF9D37DA8DF}"
EndProject
Project("{FAE04EC0-301F-11D3-BF4B-00C04F79EFBC}") = "03.PrimaryDiagonal", "03.PrimaryDiagonal\03.PrimaryDiagonal.csproj", "{67600253-21D2-4A5B-849C-893E64A1F86F}"
EndProject
Project("{FAE04EC0-301F-11D3-BF4B-00C04F79EFBC}") = "04.SymbolInMatrix", "04.SymbolInMatrix\04.SymbolInMatrix.csproj", "{6F449150-A95F-4CC0-97DC-B329419D15FB}"
EndProject
Project("{FAE04EC0-301F-11D3-BF4B-00C04F79EFBC}") = "05.SquareWithMaximumSum", "05.SquareWithMaximumSum\05.SquareWithMaximumSum.csproj", "{C20A7817-C539-4858-80F5-1F0C7EFDA7AD}"
EndProject
Project("{FAE04EC0-301F-11D3-BF4B-00C04F79EFBC}") = "06.Jagged-ArrayModification", "06.Jagged-ArrayModification\06.Jagged-ArrayModification.csproj", "{C655858A-CEA2-4DC0-880C-4B5B695DAFAA}"
EndProject
Project("{FAE04EC0-301F-11D3-BF4B-00C04F79EFBC}") = "07.GroupNumbers", "07.GroupNumbers\07.GroupNumbers.csproj", "{2F47FC94-3A4E-4B2F-BE7E-19041501EADA}"
EndProject
Project("{FAE04EC0-301F-11D3-BF4B-00C04F79EFBC}") = "07.1.GroupNumbers", "07.GroupNumbers2\07.1.GroupNumbers.csproj", "{D0B0B566-9E40-4081-8BFD-9875EA1CCF88}"
EndProject
Project("{FAE04EC0-301F-11D3-BF4B-00C04F79EFBC}") = "08.PascalTriangle", "08.PascalTriangle\08.PascalTriangle.csproj", "{D476B054-8C59-4269-9258-CA30CC4AB96F}"
EndProject
Global
	GlobalSection(SolutionConfigurationPlatforms) = preSolution
		Debug|Any CPU = Debug|Any CPU
		Release|Any CPU = Release|Any CPU
	EndGlobalSection
	GlobalSection(ProjectConfigurationPlatforms) = postSolution
		{F5787586-A582-40AC-8486-CB7B263BBF7A}.Debug|Any CPU.ActiveCfg = Debug|Any CPU
		{F5787586-A582-40AC-8486-CB7B263BBF7A}.Debug|Any CPU.Build.0 = Debug|Any CPU
		{F5787586-A582-40AC-8486-CB7B263BBF7A}.Release|Any CPU.ActiveCfg = Release|Any CPU
		{F5787586-A582-40AC-8486-CB7B263BBF7A}.Release|Any CPU.Build.0 = Release|Any CPU
		{7C82C878-C935-4156-B328-4CF9D37DA8DF}.Debug|Any CPU.ActiveCfg = Debug|Any CPU
		{7C82C878-C935-4156-B328-4CF9D37DA8DF}.Debug|Any CPU.Build.0 = Debug|Any CPU
		{7C82C878-C935-4156-B328-4CF9D37DA8DF}.Release|Any CPU.ActiveCfg = Release|Any CPU
		{7C82C878-C935-4156-B328-4CF9D37DA8DF}.Release|Any CPU.Build.0 = Release|Any CPU
		{67600253-21D2-4A5B-849C-893E64A1F86F}.Debug|Any CPU.ActiveCfg = Debug|Any CPU
		{67600253-21D2-4A5B-849C-893E64A1F86F}.Debug|Any CPU.Build.0 = Debug|Any CPU
		{67600253-21D2-4A5B-849C-893E64A1F86F}.Release|Any CPU.ActiveCfg = Release|Any CPU
		{67600253-21D2-4A5B-849C-893E64A1F86F}.Release|Any CPU.Build.0 = Release|Any CPU
		{6F449150-A95F-4CC0-97DC-B329419D15FB}.Debug|Any CPU.ActiveCfg = Debug|Any CPU
		{6F449150-A95F-4CC0-97DC-B329419D15FB}.Debug|Any CPU.Build.0 = Debug|Any CPU
		{6F449150-A95F-4CC0-97DC-B329419D15FB}.Release|Any CPU.ActiveCfg = Release|Any CPU
		{6F449150-A95F-4CC0-97DC-B329419D15FB}.Release|Any CPU.Build.0 = Release|Any CPU
		{C20A7817-C539-4858-80F5-1F0C7EFDA7AD}.Debug|Any CPU.ActiveCfg = Debug|Any CPU
		{C20A7817-C539-4858-80F5-1F0C7EFDA7AD}.Debug|Any CPU.Build.0 = Debug|Any CPU
		{C20A7817-C539-4858-80F5-1F0C7EFDA7AD}.Release|Any CPU.ActiveCfg = Release|Any CPU
		{C20A7817-C539-4858-80F5-1F0C7EFDA7AD}.Release|Any CPU.Build.0 = Release|Any CPU
		{C655858A-CEA2-4DC0-880C-4B5B695DAFAA}.Debug|Any CPU.ActiveCfg = Debug|Any CPU
		{C655858A-CEA2-4DC0-880C-4B5B695DAFAA}.Debug|Any CPU.Build.0 = Debug|Any CPU
		{C655858A-CEA2-4DC0-880C-4B5B695DAFAA}.Release|Any CPU.ActiveCfg = Release|Any CPU
		{C655858A-CEA2-4DC0-880C-4B5B695DAFAA}.Release|Any CPU.Build.0 = Release|Any CPU
		{2F47FC94-3A4E-4B2F-BE7E-19041501EADA}.Debug|Any CPU.ActiveCfg = Debug|Any CPU
		{2F47FC94-3A4E-4B2F-BE7E-19041501EADA}.Debug|Any CPU.Build.0 = Debug|Any CPU
		{2F47FC94-3A4E-4B2F-BE7E-19041501EADA}.Release|Any CPU.ActiveCfg = Release|Any CPU
		{2F47FC94-3A4E-4B2F-BE7E-19041501EADA}.Release|Any CPU.Build.0 = Release|Any CPU
		{D0B0B566-9E40-4081-8BFD-9875EA1CCF88}.Debug|Any CPU.ActiveCfg = Debug|Any CPU
		{D0B0B566-9E40-4081-8BFD-9875EA1CCF88}.Debug|Any CPU.Build.0 = Debug|Any CPU
		{D0B0B566-9E40-4081-8BFD-9875EA1CCF88}.Release|Any CPU.ActiveCfg = Release|Any CPU
		{D0B0B566-9E40-4081-8BFD-9875EA1CCF88}.Release|Any CPU.Build.0 = Release|Any CPU
		{D476B054-8C59-4269-9258-CA30CC4AB96F}.Debug|Any CPU.ActiveCfg = Debug|Any CPU
		{D476B054-8C59-4269-9258-CA30CC4AB96F}.Debug|Any CPU.Build.0 = Debug|Any CPU
		{D476B054-8C59-4269-9258-CA30CC4AB96F}.Release|Any CPU.ActiveCfg = Release|Any CPU
		{D476B054-8C59-4269-9258-CA30CC4AB96F}.Release|Any CPU.Build.0 = Release|Any CPU
	EndGlobalSection
	GlobalSection(SolutionProperties) = preSolution
		HideSolutionNode = FALSE
	EndGlobalSection
	GlobalSection(ExtensibilityGlobals) = postSolution
		SolutionGuid = {41A73D73-4E5B-4F41-8D3F-8293932C527E}
	EndGlobalSection
EndGlobal
