
Microsoft Visual Studio Solution File, Format Version 12.00
# Visual Studio Version 16
VisualStudioVersion = 16.0.31112.23
MinimumVisualStudioVersion = 10.0.40219.1
Project("{FAE04EC0-301F-11D3-BF4B-00C04F79EFBC}") = "P01ActivationKeys", "P01ActivationKeys\P01ActivationKeys.csproj", "{78E4EE97-0D91-4BFA-80CF-A099DAD23BD9}"
EndProject
Project("{FAE04EC0-301F-11D3-BF4B-00C04F79EFBC}") = "P02EmojiDetector", "P02EmojiDetector\P02EmojiDetector.csproj", "{13FD5091-66CB-4C89-85D4-C03DC9AADCE7}"
EndProject
Project("{FAE04EC0-301F-11D3-BF4B-00C04F79EFBC}") = "P03P!rates", "P03P!rates\P03P!rates.csproj", "{5E715C8C-DAE9-49C6-AA3E-56A31160E257}"
EndProject
Global
	GlobalSection(SolutionConfigurationPlatforms) = preSolution
		Debug|Any CPU = Debug|Any CPU
		Release|Any CPU = Release|Any CPU
	EndGlobalSection
	GlobalSection(ProjectConfigurationPlatforms) = postSolution
		{78E4EE97-0D91-4BFA-80CF-A099DAD23BD9}.Debug|Any CPU.ActiveCfg = Debug|Any CPU
		{78E4EE97-0D91-4BFA-80CF-A099DAD23BD9}.Debug|Any CPU.Build.0 = Debug|Any CPU
		{78E4EE97-0D91-4BFA-80CF-A099DAD23BD9}.Release|Any CPU.ActiveCfg = Release|Any CPU
		{78E4EE97-0D91-4BFA-80CF-A099DAD23BD9}.Release|Any CPU.Build.0 = Release|Any CPU
		{13FD5091-66CB-4C89-85D4-C03DC9AADCE7}.Debug|Any CPU.ActiveCfg = Debug|Any CPU
		{13FD5091-66CB-4C89-85D4-C03DC9AADCE7}.Debug|Any CPU.Build.0 = Debug|Any CPU
		{13FD5091-66CB-4C89-85D4-C03DC9AADCE7}.Release|Any CPU.ActiveCfg = Release|Any CPU
		{13FD5091-66CB-4C89-85D4-C03DC9AADCE7}.Release|Any CPU.Build.0 = Release|Any CPU
		{5E715C8C-DAE9-49C6-AA3E-56A31160E257}.Debug|Any CPU.ActiveCfg = Debug|Any CPU
		{5E715C8C-DAE9-49C6-AA3E-56A31160E257}.Debug|Any CPU.Build.0 = Debug|Any CPU
		{5E715C8C-DAE9-49C6-AA3E-56A31160E257}.Release|Any CPU.ActiveCfg = Release|Any CPU
		{5E715C8C-DAE9-49C6-AA3E-56A31160E257}.Release|Any CPU.Build.0 = Release|Any CPU
	EndGlobalSection
	GlobalSection(SolutionProperties) = preSolution
		HideSolutionNode = FALSE
	EndGlobalSection
	GlobalSection(ExtensibilityGlobals) = postSolution
		SolutionGuid = {B772F8D5-E334-47C2-8C16-596B844F5A26}
	EndGlobalSection
EndGlobal
