
Microsoft Visual Studio Solution File, Format Version 12.00
# Visual Studio Version 17
VisualStudioVersion = 17.2.32526.322
MinimumVisualStudioVersion = 10.0.40219.1
Project("{9A19103F-16F7-4668-BE54-9A1E7A4F7556}") = "06-Lab", "06-Lab\06-Lab.csproj", "{BD9DC238-02AF-4B4D-8859-F64850776D86}"
EndProject
Global
	GlobalSection(SolutionConfigurationPlatforms) = preSolution
		Debug|Any CPU = Debug|Any CPU
		Release|Any CPU = Release|Any CPU
	EndGlobalSection
	GlobalSection(ProjectConfigurationPlatforms) = postSolution
		{BD9DC238-02AF-4B4D-8859-F64850776D86}.Debug|Any CPU.ActiveCfg = Debug|Any CPU
		{BD9DC238-02AF-4B4D-8859-F64850776D86}.Debug|Any CPU.Build.0 = Debug|Any CPU
		{BD9DC238-02AF-4B4D-8859-F64850776D86}.Release|Any CPU.ActiveCfg = Release|Any CPU
		{BD9DC238-02AF-4B4D-8859-F64850776D86}.Release|Any CPU.Build.0 = Release|Any CPU
	EndGlobalSection
	GlobalSection(SolutionProperties) = preSolution
		HideSolutionNode = FALSE
	EndGlobalSection
	GlobalSection(ExtensibilityGlobals) = postSolution
		SolutionGuid = {CE4A43C3-21B1-4006-883D-D8E9A97F5496}
	EndGlobalSection
EndGlobal
