
Microsoft Visual Studio Solution File, Format Version 12.00
# Visual Studio Version 16
VisualStudioVersion = 16.0.29123.88
MinimumVisualStudioVersion = 10.0.40219.1
Project("{FAE04EC0-301F-11D3-BF4B-00C04F79EFBC}") = "01.Car", "01.Car\01.Car.csproj", "{CFB83727-18DD-46C5-919A-1219BB9A7A7F}"
EndProject
Project("{FAE04EC0-301F-11D3-BF4B-00C04F79EFBC}") = "02.CarExtension", "02.CarExtension\02.CarExtension.csproj", "{DBB547B4-08D7-4D4A-929F-B4951C3A67E6}"
EndProject
Project("{FAE04EC0-301F-11D3-BF4B-00C04F79EFBC}") = "03.CarConstructors", "03.CarConstructors\03.CarConstructors.csproj", "{BE418F40-A025-4A4C-8D20-DCD9C8B5B47A}"
EndProject
Project("{FAE04EC0-301F-11D3-BF4B-00C04F79EFBC}") = "04.CarEngineAndTires", "04.CarEngineAndTires\04.CarEngineAndTires.csproj", "{E7C441AB-F5C2-41D0-82CC-3B0C71407FFA}"
EndProject
Project("{FAE04EC0-301F-11D3-BF4B-00C04F79EFBC}") = "05.SpecialCars", "05.SpecialCars\05.SpecialCars.csproj", "{E88DC3C1-AB1B-453D-BA74-DB138C1E5D15}"
EndProject
Global
	GlobalSection(SolutionConfigurationPlatforms) = preSolution
		Debug|Any CPU = Debug|Any CPU
		Release|Any CPU = Release|Any CPU
	EndGlobalSection
	GlobalSection(ProjectConfigurationPlatforms) = postSolution
		{CFB83727-18DD-46C5-919A-1219BB9A7A7F}.Debug|Any CPU.ActiveCfg = Debug|Any CPU
		{CFB83727-18DD-46C5-919A-1219BB9A7A7F}.Debug|Any CPU.Build.0 = Debug|Any CPU
		{CFB83727-18DD-46C5-919A-1219BB9A7A7F}.Release|Any CPU.ActiveCfg = Release|Any CPU
		{CFB83727-18DD-46C5-919A-1219BB9A7A7F}.Release|Any CPU.Build.0 = Release|Any CPU
		{DBB547B4-08D7-4D4A-929F-B4951C3A67E6}.Debug|Any CPU.ActiveCfg = Debug|Any CPU
		{DBB547B4-08D7-4D4A-929F-B4951C3A67E6}.Debug|Any CPU.Build.0 = Debug|Any CPU
		{DBB547B4-08D7-4D4A-929F-B4951C3A67E6}.Release|Any CPU.ActiveCfg = Release|Any CPU
		{DBB547B4-08D7-4D4A-929F-B4951C3A67E6}.Release|Any CPU.Build.0 = Release|Any CPU
		{BE418F40-A025-4A4C-8D20-DCD9C8B5B47A}.Debug|Any CPU.ActiveCfg = Debug|Any CPU
		{BE418F40-A025-4A4C-8D20-DCD9C8B5B47A}.Debug|Any CPU.Build.0 = Debug|Any CPU
		{BE418F40-A025-4A4C-8D20-DCD9C8B5B47A}.Release|Any CPU.ActiveCfg = Release|Any CPU
		{BE418F40-A025-4A4C-8D20-DCD9C8B5B47A}.Release|Any CPU.Build.0 = Release|Any CPU
		{E7C441AB-F5C2-41D0-82CC-3B0C71407FFA}.Debug|Any CPU.ActiveCfg = Debug|Any CPU
		{E7C441AB-F5C2-41D0-82CC-3B0C71407FFA}.Debug|Any CPU.Build.0 = Debug|Any CPU
		{E7C441AB-F5C2-41D0-82CC-3B0C71407FFA}.Release|Any CPU.ActiveCfg = Release|Any CPU
		{E7C441AB-F5C2-41D0-82CC-3B0C71407FFA}.Release|Any CPU.Build.0 = Release|Any CPU
		{E88DC3C1-AB1B-453D-BA74-DB138C1E5D15}.Debug|Any CPU.ActiveCfg = Debug|Any CPU
		{E88DC3C1-AB1B-453D-BA74-DB138C1E5D15}.Debug|Any CPU.Build.0 = Debug|Any CPU
		{E88DC3C1-AB1B-453D-BA74-DB138C1E5D15}.Release|Any CPU.ActiveCfg = Release|Any CPU
		{E88DC3C1-AB1B-453D-BA74-DB138C1E5D15}.Release|Any CPU.Build.0 = Release|Any CPU
	EndGlobalSection
	GlobalSection(SolutionProperties) = preSolution
		HideSolutionNode = FALSE
	EndGlobalSection
	GlobalSection(ExtensibilityGlobals) = postSolution
		SolutionGuid = {1BF38565-E62D-4FD7-8509-B91FB2ED6FDF}
	EndGlobalSection
EndGlobal
